// !$*UTF8*$!
{
	archiveVersion = 1;
	classes = {
	};
	objectVersion = 46;
	objects = {

/* Begin PBXBuildFile section */
		2F1414B61CA84CC2006BCEE4 /* AppDelegate.swift in Sources */ = {isa = PBXBuildFile; fileRef = 2F1414B51CA84CC2006BCEE4 /* AppDelegate.swift */; };
		2F1414B81CA84CC2006BCEE4 /* ViewController.swift in Sources */ = {isa = PBXBuildFile; fileRef = 2F1414B71CA84CC2006BCEE4 /* ViewController.swift */; };
		2F1414BB1CA84CC2006BCEE4 /* Main.storyboard in Resources */ = {isa = PBXBuildFile; fileRef = 2F1414B91CA84CC2006BCEE4 /* Main.storyboard */; };
		2F1414BD1CA84CC2006BCEE4 /* Assets.xcassets in Resources */ = {isa = PBXBuildFile; fileRef = 2F1414BC1CA84CC2006BCEE4 /* Assets.xcassets */; };
		2F1414C01CA84CC2006BCEE4 /* LaunchScreen.storyboard in Resources */ = {isa = PBXBuildFile; fileRef = 2F1414BE1CA84CC2006BCEE4 /* LaunchScreen.storyboard */; };
/* End PBXBuildFile section */

/* Begin PBXFileReference section */
		2F1414B21CA84CC2006BCEE4 /* RSS.app */ = {isa = PBXFileReference; explicitFileType = wrapper.application; includeInIndex = 0; path = RSS.app; sourceTree = BUILT_PRODUCTS_DIR; };
		2F1414B51CA84CC2006BCEE4 /* AppDelegate.swift */ = {isa = PBXFileReference; lastKnownFileType = sourcecode.swift; path = AppDelegate.swift; sourceTree = "<group>"; };
		2F1414B71CA84CC2006BCEE4 /* ViewController.swift */ = {isa = PBXFileReference; lastKnownFileType = sourcecode.swift; path = ViewController.swift; sourceTree = "<group>"; };
		2F1414BA1CA84CC2006BCEE4 /* Base */ = {isa = PBXFileReference; lastKnownFileType = file.storyboard; name = Base; path = Base.lproj/Main.storyboard; sourceTree = "<group>"; };
		2F1414BC1CA84CC2006BCEE4 /* Assets.xcassets */ = {isa = PBXFileReference; lastKnownFileType = folder.assetcatalog; path = Assets.xcassets; sourceTree = "<group>"; };
		2F1414BF1CA84CC2006BCEE4 /* Base */ = {isa = PBXFileReference; lastKnownFileType = file.storyboard; name = Base; path = Base.lproj/LaunchScreen.storyboard; sourceTree = "<group>"; };
		2F1414C11CA84CC2006BCEE4 /* Info.plist */ = {isa = PBXFileReference; lastKnownFileType = text.plist.xml; path = Info.plist; sourceTree = "<group>"; };
/* End PBXFileReference section */

/* Begin PBXFrameworksBuildPhase section */
		2F1414AF1CA84CC2006BCEE4 /* Frameworks */ = {
			isa = PBXFrameworksBuildPhase;
			buildActionMask = 2147483647;
			files = (
			);
			runOnlyForDeploymentPostprocessing = 0;
		};
/* End PBXFrameworksBuildPhase section */

/* Begin PBXGroup section */
		2F1414A91CA84CC2006BCEE4 = {
			isa = PBXGroup;
			children = (
				2F1414B41CA84CC2006BCEE4 /* RSS */,
				2F1414B31CA84CC2006BCEE4 /* Products */,
			);
			sourceTree = "<group>";
		};
		2F1414B31CA84CC2006BCEE4 /* Products */ = {
			isa = PBXGroup;
			children = (
				2F1414B21CA84CC2006BCEE4 /* RSS.app */,
			);
			name = Products;
			sourceTree = "<group>";
		};
		2F1414B41CA84CC2006BCEE4 /* RSS */ = {
			isa = PBXGroup;
			children = (
				2F1414B51CA84CC2006BCEE4 /* AppDelegate.swift */,
				2F1414B71CA84CC2006BCEE4 /* ViewController.swift */,
				2F1414B91CA84CC2006BCEE4 /* Main.storyboard */,
				2F1414BC1CA84CC2006BCEE4 /* Assets.xcassets */,
				2F1414BE1CA84CC2006BCEE4 /* LaunchScreen.storyboard */,
				2F1414C11CA84CC2006BCEE4 /* Info.plist */,
			);
			path = RSS;
			sourceTree = "<group>";
		};
/* End PBXGroup section */

/* Begin PBXNativeTarget section */
		2F1414B11CA84CC2006BCEE4 /* RSS */ = {
			isa = PBXNativeTarget;
			buildConfigurationList = 2F1414C41CA84CC2006BCEE4 /* Build configuration list for PBXNativeTarget "RSS" */;
			buildPhases = (
				2F1414AE1CA84CC2006BCEE4 /* Sources */,
				2F1414AF1CA84CC2006BCEE4 /* Frameworks */,
				2F1414B01CA84CC2006BCEE4 /* Resources */,
			);
			buildRules = (
			);
			dependencies = (
			);
			name = RSS;
			productName = RSS;
			productReference = 2F1414B21CA84CC2006BCEE4 /* RSS.app */;
			productType = "com.apple.product-type.application";
		};
/* End PBXNativeTarget section */

/* Begin PBXProject section */
		2F1414AA1CA84CC2006BCEE4 /* Project object */ = {
			isa = PBXProject;
			attributes = {
				LastSwiftUpdateCheck = 0730;
				LastUpgradeCheck = 0730;
				ORGANIZATIONNAME = "Mark Brennan";
				TargetAttributes = {
					2F1414B11CA84CC2006BCEE4 = {
						CreatedOnToolsVersion = 7.3;
					};
				};
			};
			buildConfigurationList = 2F1414AD1CA84CC2006BCEE4 /* Build configuration list for PBXProject "RSS" */;
			compatibilityVersion = "Xcode 3.2";
			developmentRegion = English;
			hasScannedForEncodings = 0;
			knownRegions = (
				en,
				Base,
			);
			mainGroup = 2F1414A91CA84CC2006BCEE4;
			productRefGroup = 2F1414B31CA84CC2006BCEE4 /* Products */;
			projectDirPath = "";
			projectRoot = "";
			targets = (
				2F1414B11CA84CC2006BCEE4 /* RSS */,
			);
		};
/* End PBXProject section */

/* Begin PBXResourcesBuildPhase section */
		2F1414B01CA84CC2006BCEE4 /* Resources */ = {
			isa = PBXResourcesBuildPhase;
			buildActionMask = 2147483647;
			files = (
				2F1414C01CA84CC2006BCEE4 /* LaunchScreen.storyboard in Resources */,
				2F1414BD1CA84CC2006BCEE4 /* Assets.xcassets in Resources */,
				2F1414BB1CA84CC2006BCEE4 /* Main.storyboard in Resources */,
			);
			runOnlyForDeploymentPostprocessing = 0;
		};
/* End PBXResourcesBuildPhase section */

/* Begin PBXSourcesBuildPhase section */
		2F1414AE1CA84CC2006BCEE4 /* Sources */ = {
			isa = PBXSourcesBuildPhase;
			buildActionMask = 2147483647;
			files = (
				2F1414B81CA84CC2006BCEE4 /* ViewController.swift in Sources */,
				2F1414B61CA84CC2006BCEE4 /* AppDelegate.swift in Sources */,
			);
			runOnlyForDeploymentPostprocessing = 0;
		};
/* End PBXSourcesBuildPhase section */

/* Begin PBXVariantGroup section */
		2F1414B91CA84CC2006BCEE4 /* Main.storyboard */ = {
			isa = PBXVariantGroup;
			children = (
				2F1414BA1CA84CC2006BCEE4 /* Base */,
			);
			name = Main.storyboard;
			sourceTree = "<group>";
		};
		2F1414BE1CA84CC2006BCEE4 /* LaunchScreen.storyboard */ = {
			isa = PBXVariantGroup;
			children = (
				2F1414BF1CA84CC2006BCEE4 /* Base */,
			);
			name = LaunchScreen.storyboard;
			sourceTree = "<group>";
		};
/* End PBXVariantGroup section */

/* Begin XCBuildConfiguration section */
		2F1414C21CA84CC2006BCEE4 /* Debug */ = {
			isa = XCBuildConfiguration;
			buildSettings = {
				ALWAYS_SEARCH_USER_PATHS = NO;
				CLANG_ANALYZER_NONNULL = YES;
				CLANG_CXX_LANGUAGE_STANDARD = "gnu++0x";
				CLANG_CXX_LIBRARY = "libc++";
				CLANG_ENABLE_MODULES = YES;
				CLANG_ENABLE_OBJC_ARC = YES;
				CLANG_WARN_BOOL_CONVERSION = YES;
				CLANG_WARN_CONSTANT_CONVERSION = YES;
				CLANG_WARN_DIRECT_OBJC_ISA_USAGE = YES_ERROR;
				CLANG_WARN_EMPTY_BODY = YES;
				CLANG_WARN_ENUM_CONVERSION = YES;
				CLANG_WARN_INT_CONVERSION = YES;
				CLANG_WARN_OBJC_ROOT_CLASS = YES_ERROR;
				CLANG_WARN_UNREACHABLE_CODE = YES;
				CLANG_WARN__DUPLICATE_METHOD_MATCH = YES;
				"CODE_SIGN_IDENTITY[sdk=iphoneos*]" = "iPhone Developer";
				COPY_PHASE_STRIP = NO;
				DEBUG_INFORMATION_FORMAT = dwarf;
				ENABLE_STRICT_OBJC_MSGSEND = YES;
				ENABLE_TESTABILITY = YES;
				GCC_C_LANGUAGE_STANDARD = gnu99;
				GCC_DYNAMIC_NO_PIC = NO;
				GCC_NO_COMMON_BLOCKS = YES;
				GCC_OPTIMIZATION_LEVEL = 0;
				GCC_PREPROCESSOR_DEFINITIONS = (
					"DEBUG=1",
					"$(inherited)",
				);
				GCC_WARN_64_TO_32_BIT_CONVERSION = YES;
				GCC_WARN_ABOUT_RETURN_TYPE = YES_ERROR;
				GCC_WARN_UNDECLARED_SELECTOR = YES;
				GCC_WARN_UNINITIALIZED_AUTOS = YES_AGGRESSIVE;
				GCC_WARN_UNUSED_FUNCTION = YES;
				GCC_WARN_UNUSED_VARIABLE = YES;
				IPHONEOS_DEPLOYMENT_TARGET = 9.3;
				MTL_ENABLE_DEBUG_INFO = YES;
				ONLY_ACTIVE_ARCH = YES;
				SDKROOT = iphoneos;
				SWIFT_OPTIMIZATION_LEVEL = "-Onone";
			};
			name = Debug;
		};
		2F1414C31CA84CC2006BCEE4 /* Release */ = {
			isa = XCBuildConfiguration;
			buildSettings = {
				ALWAYS_SEARCH_USER_PATHS = NO;
				CLANG_ANALYZER_NONNULL = YES;
				CLANG_CXX_LANGUAGE_STANDARD = "gnu++0x";
				CLANG_CXX_LIBRARY = "libc++";
				CLANG_ENABLE_MODULES = YES;
				CLANG_ENABLE_OBJC_ARC = YES;
				CLANG_WARN_BOOL_CONVERSION = YES;
				CLANG_WARN_CONSTANT_CONVERSION = YES;
				CLANG_WARN_DIRECT_OBJC_ISA_USAGE = YES_ERROR;
				CLANG_WARN_EMPTY_BODY = YES;
				CLANG_WARN_ENUM_CONVERSION = YES;
				CLANG_WARN_INT_CONVERSION = YES;
				CLANG_WARN_OBJC_ROOT_CLASS = YES_ERROR;
				CLANG_WARN_UNREACHABLE_CODE = YES;
				CLANG_WARN__DUPLICATE_METHOD_MATCH = YES;
				"CODE_SIGN_IDENTITY[sdk=iphoneos*]" = "iPhone Developer";
				COPY_PHASE_STRIP = NO;
				DEBUG_INFORMATION_FORMAT = "dwarf-with-dsym";
				ENABLE_NS_ASSERTIONS = NO;
				ENABLE_STRICT_OBJC_MSGSEND = YES;
				GCC_C_LANGUAGE_STANDARD = gnu99;
				GCC_NO_COMMON_BLOCKS = YES;
				GCC_WARN_64_TO_32_BIT_CONVERSION = YES;
				GCC_WARN_ABOUT_RETURN_TYPE = YES_ERROR;
				GCC_WARN_UNDECLARED_SELECTOR = YES;
				GCC_WARN_UNINITIALIZED_AUTOS = YES_AGGRESSIVE;
				GCC_WARN_UNUSED_FUNCTION = YES;
				GCC_WARN_UNUSED_VARIABLE = YES;
				IPHONEOS_DEPLOYMENT_TARGET = 9.3;
				MTL_ENABLE_DEBUG_INFO = NO;
				SDKROOT = iphoneos;
				VALIDATE_PRODUCT = YES;
			};
			name = Release;
		};
		2F1414C51CA84CC2006BCEE4 /* Debug */ = {
			isa = XCBuildConfiguration;
			buildSettings = {
				ASSETCATALOG_COMPILER_APPICON_NAME = AppIcon;
				INFOPLIST_FILE = RSS/Info.plist;
				LD_RUNPATH_SEARCH_PATHS = "$(inherited) @executable_path/Frameworks";
				PRODUCT_BUNDLE_IDENTIFIER = com.markbrennan.RSS;
				PRODUCT_NAME = "$(TARGET_NAME)";
			};
			name = Debug;
		};
		2F1414C61CA84CC2006BCEE4 /* Release */ = {
			isa = XCBuildConfiguration;
			buildSettings = {
				ASSETCATALOG_COMPILER_APPICON_NAME = AppIcon;
				INFOPLIST_FILE = RSS/Info.plist;
				LD_RUNPATH_SEARCH_PATHS = "$(inherited) @executable_path/Frameworks";
				PRODUCT_BUNDLE_IDENTIFIER = com.markbrennan.RSS;
				PRODUCT_NAME = "$(TARGET_NAME)";
			};
			name = Release;
		};
/* End XCBuildConfiguration section */

/* Begin XCConfigurationList section */
		2F1414AD1CA84CC2006BCEE4 /* Build configuration list for PBXProject "RSS" */ = {
			isa = XCConfigurationList;
			buildConfigurations = (
				2F1414C21CA84CC2006BCEE4 /* Debug */,
				2F1414C31CA84CC2006BCEE4 /* Release */,
			);
			defaultConfigurationIsVisible = 0;
			defaultConfigurationName = Release;
		};
		2F1414C41CA84CC2006BCEE4 /* Build configuration list for PBXNativeTarget "RSS" */ = {
			isa = XCConfigurationList;
			buildConfigurations = (
				2F1414C51CA84CC2006BCEE4 /* Debug */,
				2F1414C61CA84CC2006BCEE4 /* Release */,
			);
			defaultConfigurationIsVisible = 0;
		};
/* End XCConfigurationList section */
	};
	rootObject = 2F1414AA1CA84CC2006BCEE4 /* Project object */;
}
